
Microsoft Visual Studio Solution File, Format Version 12.00
# Visual Studio Version 17
VisualStudioVersion = 17.11.35208.52
MinimumVisualStudioVersion = 10.0.40219.1
Project("{9A19103F-16F7-4668-BE54-9A1E7A4F7556}") = "NET-GRPC-SECURITY", "NET-GRPC-SECURITY.csproj", "{BD4A9926-22FE-4518-AA68-7918235E2A5E}"
EndProject
Project("{9A19103F-16F7-4668-BE54-9A1E7A4F7556}") = "WAF-SECURITY", "..\WAF-SECURITY\WAF-SECURITY.csproj", "{F920A8BA-BA5E-4FBB-BBF1-C0E0611ACA26}"
EndProject
Project("{9A19103F-16F7-4668-BE54-9A1E7A4F7556}") = "NET-SECURITY-DATAACCESS", "..\NET-SECURITY-DATAACCESS\NET-SECURITY-DATAACCESS.csproj", "{F0A470A1-AB13-49E3-BD03-DBF2B0AF4C2A}"
EndProject
Project("{9A19103F-16F7-4668-BE54-9A1E7A4F7556}") = "NET-SECURITY-MODEL", "..\NET-SECURITY-MODEL\NET-SECURITY-MODEL.csproj", "{FCBFB0D9-D93D-4048-A3FD-ECECE32A5BB8}"
EndProject
Project("{9A19103F-16F7-4668-BE54-9A1E7A4F7556}") = "IDS-SECURITY", "..\IDS-SECURITY\IDS-SECURITY.csproj", "{267C5745-6A89-4843-9747-32DF7919E50D}"
EndProject
Project("{9A19103F-16F7-4668-BE54-9A1E7A4F7556}") = "SILCA", "..\Silca\SILCA\SILCA.csproj", "{0C581B67-DE47-4785-AA10-6C8BC4C3AB65}"
EndProject
Project("{9A19103F-16F7-4668-BE54-9A1E7A4F7556}") = "RequestCultureMiddleware", "..\MiddlewareRequestInspector\RequestCultureMiddleware.csproj", "{A8651A76-A45A-4B58-99A8-AEA6FFEAC401}"
EndProject
Global
	GlobalSection(SolutionConfigurationPlatforms) = preSolution
		Debug|Any CPU = Debug|Any CPU
		Debug|ARM32 = Debug|ARM32
		Release|Any CPU = Release|Any CPU
		Release|ARM32 = Release|ARM32
	EndGlobalSection
	GlobalSection(ProjectConfigurationPlatforms) = postSolution
		{BD4A9926-22FE-4518-AA68-7918235E2A5E}.Debug|Any CPU.ActiveCfg = Debug|Any CPU
		{BD4A9926-22FE-4518-AA68-7918235E2A5E}.Debug|Any CPU.Build.0 = Debug|Any CPU
		{BD4A9926-22FE-4518-AA68-7918235E2A5E}.Debug|ARM32.ActiveCfg = Debug|Any CPU
		{BD4A9926-22FE-4518-AA68-7918235E2A5E}.Debug|ARM32.Build.0 = Debug|Any CPU
		{BD4A9926-22FE-4518-AA68-7918235E2A5E}.Release|Any CPU.ActiveCfg = Release|Any CPU
		{BD4A9926-22FE-4518-AA68-7918235E2A5E}.Release|Any CPU.Build.0 = Release|Any CPU
		{BD4A9926-22FE-4518-AA68-7918235E2A5E}.Release|ARM32.ActiveCfg = Release|Any CPU
		{BD4A9926-22FE-4518-AA68-7918235E2A5E}.Release|ARM32.Build.0 = Release|Any CPU
		{F920A8BA-BA5E-4FBB-BBF1-C0E0611ACA26}.Debug|Any CPU.ActiveCfg = Debug|Any CPU
		{F920A8BA-BA5E-4FBB-BBF1-C0E0611ACA26}.Debug|Any CPU.Build.0 = Debug|Any CPU
		{F920A8BA-BA5E-4FBB-BBF1-C0E0611ACA26}.Debug|ARM32.ActiveCfg = Debug|Any CPU
		{F920A8BA-BA5E-4FBB-BBF1-C0E0611ACA26}.Debug|ARM32.Build.0 = Debug|Any CPU
		{F920A8BA-BA5E-4FBB-BBF1-C0E0611ACA26}.Release|Any CPU.ActiveCfg = Release|Any CPU
		{F920A8BA-BA5E-4FBB-BBF1-C0E0611ACA26}.Release|Any CPU.Build.0 = Release|Any CPU
		{F920A8BA-BA5E-4FBB-BBF1-C0E0611ACA26}.Release|ARM32.ActiveCfg = Release|Any CPU
		{F920A8BA-BA5E-4FBB-BBF1-C0E0611ACA26}.Release|ARM32.Build.0 = Release|Any CPU
		{F0A470A1-AB13-49E3-BD03-DBF2B0AF4C2A}.Debug|Any CPU.ActiveCfg = Debug|Any CPU
		{F0A470A1-AB13-49E3-BD03-DBF2B0AF4C2A}.Debug|Any CPU.Build.0 = Debug|Any CPU
		{F0A470A1-AB13-49E3-BD03-DBF2B0AF4C2A}.Debug|ARM32.ActiveCfg = Debug|Any CPU
		{F0A470A1-AB13-49E3-BD03-DBF2B0AF4C2A}.Debug|ARM32.Build.0 = Debug|Any CPU
		{F0A470A1-AB13-49E3-BD03-DBF2B0AF4C2A}.Release|Any CPU.ActiveCfg = Release|Any CPU
		{F0A470A1-AB13-49E3-BD03-DBF2B0AF4C2A}.Release|Any CPU.Build.0 = Release|Any CPU
		{F0A470A1-AB13-49E3-BD03-DBF2B0AF4C2A}.Release|ARM32.ActiveCfg = Release|Any CPU
		{F0A470A1-AB13-49E3-BD03-DBF2B0AF4C2A}.Release|ARM32.Build.0 = Release|Any CPU
		{FCBFB0D9-D93D-4048-A3FD-ECECE32A5BB8}.Debug|Any CPU.ActiveCfg = Debug|Any CPU
		{FCBFB0D9-D93D-4048-A3FD-ECECE32A5BB8}.Debug|Any CPU.Build.0 = Debug|Any CPU
		{FCBFB0D9-D93D-4048-A3FD-ECECE32A5BB8}.Debug|ARM32.ActiveCfg = Debug|Any CPU
		{FCBFB0D9-D93D-4048-A3FD-ECECE32A5BB8}.Debug|ARM32.Build.0 = Debug|Any CPU
		{FCBFB0D9-D93D-4048-A3FD-ECECE32A5BB8}.Release|Any CPU.ActiveCfg = Release|Any CPU
		{FCBFB0D9-D93D-4048-A3FD-ECECE32A5BB8}.Release|Any CPU.Build.0 = Release|Any CPU
		{FCBFB0D9-D93D-4048-A3FD-ECECE32A5BB8}.Release|ARM32.ActiveCfg = Release|Any CPU
		{FCBFB0D9-D93D-4048-A3FD-ECECE32A5BB8}.Release|ARM32.Build.0 = Release|Any CPU
		{267C5745-6A89-4843-9747-32DF7919E50D}.Debug|Any CPU.ActiveCfg = Debug|Any CPU
		{267C5745-6A89-4843-9747-32DF7919E50D}.Debug|Any CPU.Build.0 = Debug|Any CPU
		{267C5745-6A89-4843-9747-32DF7919E50D}.Debug|ARM32.ActiveCfg = Debug|Any CPU
		{267C5745-6A89-4843-9747-32DF7919E50D}.Debug|ARM32.Build.0 = Debug|Any CPU
		{267C5745-6A89-4843-9747-32DF7919E50D}.Release|Any CPU.ActiveCfg = Release|Any CPU
		{267C5745-6A89-4843-9747-32DF7919E50D}.Release|Any CPU.Build.0 = Release|Any CPU
		{267C5745-6A89-4843-9747-32DF7919E50D}.Release|ARM32.ActiveCfg = Release|Any CPU
		{267C5745-6A89-4843-9747-32DF7919E50D}.Release|ARM32.Build.0 = Release|Any CPU
		{0C581B67-DE47-4785-AA10-6C8BC4C3AB65}.Debug|Any CPU.ActiveCfg = Debug|Any CPU
		{0C581B67-DE47-4785-AA10-6C8BC4C3AB65}.Debug|Any CPU.Build.0 = Debug|Any CPU
		{0C581B67-DE47-4785-AA10-6C8BC4C3AB65}.Debug|ARM32.ActiveCfg = Debug|Any CPU
		{0C581B67-DE47-4785-AA10-6C8BC4C3AB65}.Debug|ARM32.Build.0 = Debug|Any CPU
		{0C581B67-DE47-4785-AA10-6C8BC4C3AB65}.Release|Any CPU.ActiveCfg = Release|Any CPU
		{0C581B67-DE47-4785-AA10-6C8BC4C3AB65}.Release|Any CPU.Build.0 = Release|Any CPU
		{0C581B67-DE47-4785-AA10-6C8BC4C3AB65}.Release|ARM32.ActiveCfg = Release|Any CPU
		{0C581B67-DE47-4785-AA10-6C8BC4C3AB65}.Release|ARM32.Build.0 = Release|Any CPU
		{A8651A76-A45A-4B58-99A8-AEA6FFEAC401}.Debug|Any CPU.ActiveCfg = Debug|Any CPU
		{A8651A76-A45A-4B58-99A8-AEA6FFEAC401}.Debug|Any CPU.Build.0 = Debug|Any CPU
		{A8651A76-A45A-4B58-99A8-AEA6FFEAC401}.Debug|ARM32.ActiveCfg = Debug|ARM32
		{A8651A76-A45A-4B58-99A8-AEA6FFEAC401}.Debug|ARM32.Build.0 = Debug|ARM32
		{A8651A76-A45A-4B58-99A8-AEA6FFEAC401}.Release|Any CPU.ActiveCfg = Release|Any CPU
		{A8651A76-A45A-4B58-99A8-AEA6FFEAC401}.Release|Any CPU.Build.0 = Release|Any CPU
		{A8651A76-A45A-4B58-99A8-AEA6FFEAC401}.Release|ARM32.ActiveCfg = Release|ARM32
		{A8651A76-A45A-4B58-99A8-AEA6FFEAC401}.Release|ARM32.Build.0 = Release|ARM32
	EndGlobalSection
	GlobalSection(SolutionProperties) = preSolution
		HideSolutionNode = FALSE
	EndGlobalSection
	GlobalSection(ExtensibilityGlobals) = postSolution
		SolutionGuid = {675BE978-2ED3-4A9B-85C8-70FD6CB40FBA}
	EndGlobalSection
EndGlobal
